
Microsoft Visual Studio Solution File, Format Version 12.00
# Visual Studio Version 16
VisualStudioVersion = 16.0.31129.286
MinimumVisualStudioVersion = 10.0.40219.1
Project("{F184B08F-C81C-45F6-A57F-5ABD9991F28F}") = "AttendanceSeven", "AttendanceSeven.vbproj", "{9751E24A-9683-4DF4-B119-2D4CF97472F6}"
EndProject
Global
	GlobalSection(SolutionConfigurationPlatforms) = preSolution
		Debug|Any CPU = Debug|Any CPU
		Release|Any CPU = Release|Any CPU
	EndGlobalSection
	GlobalSection(ProjectConfigurationPlatforms) = postSolution
		{9751E24A-9683-4DF4-B119-2D4CF97472F6}.Debug|Any CPU.ActiveCfg = Debug|Any CPU
		{9751E24A-9683-4DF4-B119-2D4CF97472F6}.Debug|Any CPU.Build.0 = Debug|Any CPU
		{9751E24A-9683-4DF4-B119-2D4CF97472F6}.Release|Any CPU.ActiveCfg = Release|Any CPU
		{9751E24A-9683-4DF4-B119-2D4CF97472F6}.Release|Any CPU.Build.0 = Release|Any CPU
	EndGlobalSection
	GlobalSection(SolutionProperties) = preSolution
		HideSolutionNode = FALSE
	EndGlobalSection
	GlobalSection(ExtensibilityGlobals) = postSolution
		SolutionGuid = {304B2ED7-383E-4BA4-BE9C-1C0DA1137059}
	EndGlobalSection
EndGlobal
